{
  "name": "phone-validation",
  "version": "1.0.0",
  "lockfileVersion": 3,
  "requires": true,
  "packages": {
    "": {
      "name": "phone-validation",
      "version": "1.0.0",
      "dependencies": {
        "google-libphonenumber": "^3.2.38"
      }
    },
    "node_modules/google-libphonenumber": {
      "version": "3.2.44",
      "resolved": "https://registry.npmjs.org/google-libphonenumber/-/google-libphonenumber-3.2.44.tgz",
      "integrity": "sha512-9p2TghluF2LTChFMLWsDRD5N78SZDsILdUk4gyqYxBXluCyxoPiOq+Fqt7DKM+LUd33+OgRkdrc+cPR93AypCQ==",
      "license": "(MIT AND Apache-2.0)",
      "engines": {
        "node": ">=0.10"
      }
    }
  }
}
